
Microsoft Visual Studio Solution File, Format Version 12.00
# Visual Studio Version 17
VisualStudioVersion = 17.6.33829.357
MinimumVisualStudioVersion = 10.0.40219.1
Project("{FAE04EC0-301F-11D3-BF4B-00C04F79EFBC}") = "SchoolManagementSystem", "SchoolManagementSystem\SchoolManagementSystem.csproj", "{68739C50-D354-4088-9A26-0D328891DB17}"
EndProject
Global
	GlobalSection(SolutionConfigurationPlatforms) = preSolution
		Debug|Any CPU = Debug|Any CPU
		Release|Any CPU = Release|Any CPU
	EndGlobalSection
	GlobalSection(ProjectConfigurationPlatforms) = postSolution
		{68739C50-D354-4088-9A26-0D328891DB17}.Debug|Any CPU.ActiveCfg = Debug|Any CPU
		{68739C50-D354-4088-9A26-0D328891DB17}.Debug|Any CPU.Build.0 = Debug|Any CPU
		{68739C50-D354-4088-9A26-0D328891DB17}.Release|Any CPU.ActiveCfg = Release|Any CPU
		{68739C50-D354-4088-9A26-0D328891DB17}.Release|Any CPU.Build.0 = Release|Any CPU
	EndGlobalSection
	GlobalSection(SolutionProperties) = preSolution
		HideSolutionNode = FALSE
	EndGlobalSection
	GlobalSection(ExtensibilityGlobals) = postSolution
		SolutionGuid = {62E04166-9851-4D56-BC0F-48F23A51747E}
	EndGlobalSection
EndGlobal
